
Microsoft Visual Studio Solution File, Format Version 12.00
# Visual Studio Version 17
VisualStudioVersion = 17.8.34408.163
MinimumVisualStudioVersion = 10.0.40219.1
Project("{FAE04EC0-301F-11D3-BF4B-00C04F79EFBC}") = "Modul10_1302223023", "Modul10_1302223023\Modul10_1302223023.csproj", "{3EAA3B66-B966-4561-951D-8931EBE09DD5}"
EndProject
Global
	GlobalSection(SolutionConfigurationPlatforms) = preSolution
		Debug|Any CPU = Debug|Any CPU
		Release|Any CPU = Release|Any CPU
	EndGlobalSection
	GlobalSection(ProjectConfigurationPlatforms) = postSolution
		{3EAA3B66-B966-4561-951D-8931EBE09DD5}.Debug|Any CPU.ActiveCfg = Debug|Any CPU
		{3EAA3B66-B966-4561-951D-8931EBE09DD5}.Debug|Any CPU.Build.0 = Debug|Any CPU
		{3EAA3B66-B966-4561-951D-8931EBE09DD5}.Release|Any CPU.ActiveCfg = Release|Any CPU
		{3EAA3B66-B966-4561-951D-8931EBE09DD5}.Release|Any CPU.Build.0 = Release|Any CPU
	EndGlobalSection
	GlobalSection(SolutionProperties) = preSolution
		HideSolutionNode = FALSE
	EndGlobalSection
	GlobalSection(ExtensibilityGlobals) = postSolution
		SolutionGuid = {59597DB7-2591-4955-9B6C-2BC82BEB25F1}
	EndGlobalSection
EndGlobal
